
Microsoft Visual Studio Solution File, Format Version 12.00
# Visual Studio Version 16
VisualStudioVersion = 16.0.30320.27
MinimumVisualStudioVersion = 10.0.40219.1
Project("{9A19103F-16F7-4668-BE54-9A1E7A4F7556}") = "BusinessLayer", "BusinessLayer\BusinessLayer.csproj", "{B2F50D31-CD20-42B9-AE26-748260970634}"
EndProject
Project("{9A19103F-16F7-4668-BE54-9A1E7A4F7556}") = "DataLayer", "DataLayer\DataLayer.csproj", "{29180797-A76B-49A0-9A84-23C13740B9E0}"
EndProject
Project("{9A19103F-16F7-4668-BE54-9A1E7A4F7556}") = "Project_B3_Test", "Project_B3_Test\Project_B3_Test.csproj", "{932B2789-795A-4702-A398-190464C78A4B}"
EndProject
Project("{9A19103F-16F7-4668-BE54-9A1E7A4F7556}") = "PresentationLayer", "PresentationLayer\PresentationLayer.csproj", "{AE9E8ED8-9E11-44B5-85E1-F58D8835DC52}"
EndProject
Project("{9A19103F-16F7-4668-BE54-9A1E7A4F7556}") = "Export-import", "Export-import\Export-import.csproj", "{8AEA74A8-30A3-48DF-80B7-5D728F146965}"
EndProject
Global
	GlobalSection(SolutionConfigurationPlatforms) = preSolution
		Debug|Any CPU = Debug|Any CPU
		Release|Any CPU = Release|Any CPU
	EndGlobalSection
	GlobalSection(ProjectConfigurationPlatforms) = postSolution
		{B2F50D31-CD20-42B9-AE26-748260970634}.Debug|Any CPU.ActiveCfg = Debug|Any CPU
		{B2F50D31-CD20-42B9-AE26-748260970634}.Debug|Any CPU.Build.0 = Debug|Any CPU
		{B2F50D31-CD20-42B9-AE26-748260970634}.Release|Any CPU.ActiveCfg = Release|Any CPU
		{B2F50D31-CD20-42B9-AE26-748260970634}.Release|Any CPU.Build.0 = Release|Any CPU
		{29180797-A76B-49A0-9A84-23C13740B9E0}.Debug|Any CPU.ActiveCfg = Debug|Any CPU
		{29180797-A76B-49A0-9A84-23C13740B9E0}.Debug|Any CPU.Build.0 = Debug|Any CPU
		{29180797-A76B-49A0-9A84-23C13740B9E0}.Release|Any CPU.ActiveCfg = Release|Any CPU
		{29180797-A76B-49A0-9A84-23C13740B9E0}.Release|Any CPU.Build.0 = Release|Any CPU
		{932B2789-795A-4702-A398-190464C78A4B}.Debug|Any CPU.ActiveCfg = Debug|Any CPU
		{932B2789-795A-4702-A398-190464C78A4B}.Debug|Any CPU.Build.0 = Debug|Any CPU
		{932B2789-795A-4702-A398-190464C78A4B}.Release|Any CPU.ActiveCfg = Release|Any CPU
		{932B2789-795A-4702-A398-190464C78A4B}.Release|Any CPU.Build.0 = Release|Any CPU
		{AE9E8ED8-9E11-44B5-85E1-F58D8835DC52}.Debug|Any CPU.ActiveCfg = Debug|Any CPU
		{AE9E8ED8-9E11-44B5-85E1-F58D8835DC52}.Debug|Any CPU.Build.0 = Debug|Any CPU
		{AE9E8ED8-9E11-44B5-85E1-F58D8835DC52}.Release|Any CPU.ActiveCfg = Release|Any CPU
		{AE9E8ED8-9E11-44B5-85E1-F58D8835DC52}.Release|Any CPU.Build.0 = Release|Any CPU
		{8AEA74A8-30A3-48DF-80B7-5D728F146965}.Debug|Any CPU.ActiveCfg = Debug|Any CPU
		{8AEA74A8-30A3-48DF-80B7-5D728F146965}.Debug|Any CPU.Build.0 = Debug|Any CPU
		{8AEA74A8-30A3-48DF-80B7-5D728F146965}.Release|Any CPU.ActiveCfg = Release|Any CPU
		{8AEA74A8-30A3-48DF-80B7-5D728F146965}.Release|Any CPU.Build.0 = Release|Any CPU
	EndGlobalSection
	GlobalSection(SolutionProperties) = preSolution
		HideSolutionNode = FALSE
	EndGlobalSection
	GlobalSection(ExtensibilityGlobals) = postSolution
		SolutionGuid = {EBAF48A8-5ED2-4F01-B5FD-0F2C101F65F1}
	EndGlobalSection
EndGlobal
